# THIS IS AN AUTOGENERATED FILE. DO NOT EDIT THIS FILE DIRECTLY.
# yarn lockfile v1


"@babel/runtime@^7.19.4":
  version "7.20.1"
  resolved "https://registry.yarnpkg.com/@babel/runtime/-/runtime-7.20.1.tgz#1148bb33ab252b165a06698fde7576092a78b4a9"
  integrity sha512-mrzLkl6U9YLF8qpqI7TB82PESyEGjm/0Ly91jG575eVxMMlb8fYfOXFZIJ8XfLrJZQbm7dlKry2bJmXBUEkdFg==
  dependencies:
    regenerator-runtime "^0.13.10"

"@chain-registry/types@^0.13.1":
  version "0.13.1"
  resolved "https://registry.yarnpkg.com/@chain-registry/types/-/types-0.13.1.tgz#be30130005448d6462d73a284e1fd26d080a06e8"
  integrity sha512-NF4x7pqkQJ/zSQLoT28sYlBdzWUyCTFvWgVE9hJ2jkirX+It9VUHP5j1wtTq+vxQ74SZk2V8vRBo2uuoEYBB1A==
  dependencies:
    "@babel/runtime" "^7.19.4"

"@chain-registry/utils@^1.2.1":
  version "1.2.1"
  resolved "https://registry.yarnpkg.com/@chain-registry/utils/-/utils-1.2.1.tgz#67e7aca3334b2f36c791600f87aa6100b70c2581"
  integrity sha512-XtU1h1iEjvtpWhhiFAmcLMLk6EdpNkj4kAhLq64ofRkeLO3SPOETtnN9MZrm3KJIkYwkWyqOTnh6q3XBaGJLbQ==
  dependencies:
    "@babel/runtime" "^7.19.4"
    "@chain-registry/types" "^0.13.1"
    sha.js "^2.4.11"

inherits@^2.0.1:
  version "2.0.4"
  resolved "https://registry.yarnpkg.com/inherits/-/inherits-2.0.4.tgz#0fa2c64f932917c3433a0ded55363aae37416b7c"
  integrity sha512-k/vGaX4/Yla3WzyMCvTQOXYeIHvqOKtnqBduzTHpzpQZzAskKMhZ2K+EnBiSM9zGSoIFeMpXKxa4dYeZIQqewQ==

regenerator-runtime@^0.13.10:
  version "0.13.10"
  resolved "https://registry.yarnpkg.com/regenerator-runtime/-/regenerator-runtime-0.13.10.tgz#ed07b19616bcbec5da6274ebc75ae95634bfc2ee"
  integrity sha512-KepLsg4dU12hryUO7bp/axHAKvwGOCV0sGloQtpagJ12ai+ojVDqkeGSiRX1zlq+kjIMZ1t7gpze+26QqtdGqw==

safe-buffer@^5.0.1:
  version "5.2.1"
  resolved "https://registry.yarnpkg.com/safe-buffer/-/safe-buffer-5.2.1.tgz#1eaf9fa9bdb1fdd4ec75f58f9cdb4e6b7827eec6"
  integrity sha512-rp3So07KcdmmKbGvgaNxQSJr7bGVSVk5S9Eq1F+ppbRo70+YeaDxkw5Dd8NPN+GD6bjnYm2VuPuCXmpuYvmCXQ==

sha.js@^2.4.11:
  version "2.4.11"
  resolved "https://registry.yarnpkg.com/sha.js/-/sha.js-2.4.11.tgz#37a5cf0b81ecbc6943de109ba2960d1b26584ae7"
  integrity sha512-QMEp5B7cftE7APOjk5Y6xgrbWu+WkLVQwk8JNjZ8nKRciZaByEW6MubieAiToS7+dwvrjGhH8jRXz3MVd0AYqQ==
  dependencies:
    inherits "^2.0.1"
    safe-buffer "^5.0.1"
